
Microsoft Visual Studio Solution File, Format Version 12.00
# Visual Studio 14
VisualStudioVersion = 14.0.23107.0
MinimumVisualStudioVersion = 10.0.40219.1
Project("{FAE04EC0-301F-11D3-BF4B-00C04F79EFBC}") = "HT1VacasIPC2", "HT1VacasIPC2\HT1VacasIPC2.csproj", "{B4044B8E-6016-43EB-8AAE-66817B766496}"
EndProject
Global
	GlobalSection(SolutionConfigurationPlatforms) = preSolution
		Debug|Any CPU = Debug|Any CPU
		Release|Any CPU = Release|Any CPU
	EndGlobalSection
	GlobalSection(ProjectConfigurationPlatforms) = postSolution
		{B4044B8E-6016-43EB-8AAE-66817B766496}.Debug|Any CPU.ActiveCfg = Debug|Any CPU
		{B4044B8E-6016-43EB-8AAE-66817B766496}.Debug|Any CPU.Build.0 = Debug|Any CPU
		{B4044B8E-6016-43EB-8AAE-66817B766496}.Release|Any CPU.ActiveCfg = Release|Any CPU
		{B4044B8E-6016-43EB-8AAE-66817B766496}.Release|Any CPU.Build.0 = Release|Any CPU
	EndGlobalSection
	GlobalSection(SolutionProperties) = preSolution
		HideSolutionNode = FALSE
	EndGlobalSection
EndGlobal
